{
  "name": "pi-extensions",
  "lockfileVersion": 3,
  "requires": true,
  "packages": {
    "": {
      "name": "pi-extensions",
      "dependencies": {
        "@aliou/pi-guardrails": "^0.13.1",
        "@haispeed/pi-obsidian": "^0.1.1",
        "@juicesharp/rpiv-ask-user-question": "^1.15.0",
        "@juicesharp/rpiv-btw": "^1.15.0",
        "@juicesharp/rpiv-todo": "^1.15.0",
        "@tintinweb/pi-subagents": "^0.8.0",
        "@vanillagreen/pi-web-tools": "^1.3.0"
      }
    },
    "node_modules/@aliou/pi-guardrails": {
      "version": "0.13.1",
      "resolved": "https://registry.npmjs.org/@aliou/pi-guardrails/-/pi-guardrails-0.13.1.tgz",
      "integrity": "sha512-F6AOiRthFe3r45eDaSuH588gASZmgbgs4tKc8wcc3c3Va+ZYhkIfMV8djcC5amNZD/SqRmW4DhPf8cbH3hJrog==",
      "license": "MIT",
      "dependencies": {
        "@aliou/pi-utils-settings": "^0.15.1",
        "@aliou/sh": "^0.1.0"
      },
      "peerDependencies": {
        "@earendil-works/pi-coding-agent": "*",
        "@earendil-works/pi-tui": "*"
      },
      "peerDependenciesMeta": {
        "@earendil-works/pi-coding-agent": {
          "optional": true
        },
        "@earendil-works/pi-tui": {
          "optional": true
        }
      }
    },
    "node_modules/@aliou/pi-utils-settings": {
      "version": "0.15.1",
      "resolved": "https://registry.npmjs.org/@aliou/pi-utils-settings/-/pi-utils-settings-0.15.1.tgz",
      "integrity": "sha512-oECJ4c/BaYQvzMKHVuNg2HJOd9Fh4+mWglKOqeDfu8mu28VYpJqMrAOqgOh3XWPTb2cPWzlavPEjFZ2FzUBBQg==",
      "license": "MIT",
      "dependencies": {
        "@aliou/pi-utils-ui": "^0.4.1"
      },
      "peerDependencies": {
        "@earendil-works/pi-coding-agent": ">=0.74.0 <1"
      },
      "peerDependenciesMeta": {
        "@earendil-works/pi-coding-agent": {
          "optional": true
        }
      }
    },
    "node_modules/@aliou/pi-utils-ui": {
      "version": "0.4.1",
      "resolved": "https://registry.npmjs.org/@aliou/pi-utils-ui/-/pi-utils-ui-0.4.1.tgz",
      "integrity": "sha512-1oJraVjjlZD8UM41472MF1O8a41/4OvAxdH/HlQsahZH/gBkhahGw/EjlcVqXTWnCQfo+4X6PksRz63erNsPwQ==",
      "license": "MIT",
      "peerDependencies": {
        "@earendil-works/pi-coding-agent": ">=0.74.0 <1",
        "@earendil-works/pi-tui": ">=0.74.0 <1"
      },
      "peerDependenciesMeta": {
        "@earendil-works/pi-coding-agent": {
          "optional": true
        },
        "@earendil-works/pi-tui": {
          "optional": true
        }
      }
    },
    "node_modules/@aliou/sh": {
      "version": "0.1.0",
      "resolved": "https://registry.npmjs.org/@aliou/sh/-/sh-0.1.0.tgz",
      "integrity": "sha512-MtVSUqNAHK8a0yQdwv4ADlTIBnEg8bpFXcqp0PaxwqxhSWAxcIrpAIPbsc3CJnUK3R++BcgaxBZ5saicHtU+8Q==",
      "license": "UNLICENSED",
      "engines": {
        "node": ">=22"
      }
    },
    "node_modules/@haispeed/pi-obsidian": {
      "version": "0.1.1",
      "resolved": "https://registry.npmjs.org/@haispeed/pi-obsidian/-/pi-obsidian-0.1.1.tgz",
      "integrity": "sha512-ybQXGPKKQgg0pOj/cAeA8z21AN74/fYLN3Y9hK3Xw3q6kWg0dSFUJZq9RVsfrFJd+gc5beAt03138+HRx0thbg==",
      "license": "MIT",
      "peerDependencies": {
        "@mariozechner/pi-coding-agent": "*",
        "@sinclair/typebox": "*"
      }
    },
    "node_modules/@juicesharp/rpiv-ask-user-question": {
      "version": "1.15.0",
      "resolved": "https://registry.npmjs.org/@juicesharp/rpiv-ask-user-question/-/rpiv-ask-user-question-1.15.0.tgz",
      "integrity": "sha512-39dYKwAO79iCykrIkASxiTlMg6fPpEUSWA3Y4cMJ1vg5HFaUeKcmGW2hyXEqlAQhe+XLKkovxZwqgyZIEL3CRg==",
      "license": "MIT",
      "dependencies": {
        "@juicesharp/rpiv-config": "^1.15.0"
      },
      "peerDependencies": {
        "@earendil-works/pi-coding-agent": "*",
        "@earendil-works/pi-tui": "*",
        "@juicesharp/rpiv-i18n": "*",
        "typebox": "*"
      },
      "peerDependenciesMeta": {
        "@juicesharp/rpiv-i18n": {
          "optional": true
        }
      }
    },
    "node_modules/@juicesharp/rpiv-btw": {
      "version": "1.15.0",
      "resolved": "https://registry.npmjs.org/@juicesharp/rpiv-btw/-/rpiv-btw-1.15.0.tgz",
      "integrity": "sha512-hr8TfHVjYjIclW/hVXVUXrZ/heopVzuYsrJuxbaoR/gOCBupxrvJJb5bINdnaOLp/UMTyWrbUc0UVv6O8cI1CQ==",
      "license": "MIT",
      "peerDependencies": {
        "@earendil-works/pi-ai": "*",
        "@earendil-works/pi-coding-agent": "*",
        "@earendil-works/pi-tui": "*"
      }
    },
    "node_modules/@juicesharp/rpiv-config": {
      "version": "1.15.0",
      "resolved": "https://registry.npmjs.org/@juicesharp/rpiv-config/-/rpiv-config-1.15.0.tgz",
      "integrity": "sha512-zsbRGyGP0/wJ38guLTZFZFcR5kh4gYHL2XOpVtkLn6KVEVI9Cw8r0d2W45wSxtzFK41GISy7GihLc2yVBNxFYg==",
      "license": "MIT",
      "peerDependencies": {
        "typebox": "*"
      }
    },
    "node_modules/@juicesharp/rpiv-todo": {
      "version": "1.15.0",
      "resolved": "https://registry.npmjs.org/@juicesharp/rpiv-todo/-/rpiv-todo-1.15.0.tgz",
      "integrity": "sha512-cSTg5x8eiOM+rhIWbL3RfGJCeb8DC1tFixuoraGNZl3YR1Gae/xqayEKPeOd5mirVU+m2/YZl2zX2ZuN+m7t4g==",
      "license": "MIT",
      "dependencies": {
        "@juicesharp/rpiv-config": "^1.15.0"
      },
      "peerDependencies": {
        "@earendil-works/pi-ai": "*",
        "@earendil-works/pi-coding-agent": "*",
        "@earendil-works/pi-tui": "*",
        "@juicesharp/rpiv-i18n": "*",
        "typebox": "*"
      },
      "peerDependenciesMeta": {
        "@juicesharp/rpiv-i18n": {
          "optional": true
        }
      }
    },
    "node_modules/@sinclair/typebox": {
      "version": "0.34.49",
      "resolved": "https://registry.npmjs.org/@sinclair/typebox/-/typebox-0.34.49.tgz",
      "integrity": "sha512-brySQQs7Jtn0joV8Xh9ZV/hZb9Ozb0pmazDIASBkYKCjXrXU3mpcFahmK/z4YDhGkQvP9mWJbVyahdtU5wQA+A==",
      "license": "MIT"
    },
    "node_modules/@tintinweb/pi-subagents": {
      "version": "0.8.0",
      "resolved": "https://registry.npmjs.org/@tintinweb/pi-subagents/-/pi-subagents-0.8.0.tgz",
      "integrity": "sha512-EmbBjusdetW3R8jGzGsHKl2MIjigsw/6IBpGJmESOGNxrECXqXMh292cWpxYnLYToUd1z5Yg7jRFnJFlbxUykQ==",
      "license": "MIT",
      "dependencies": {
        "@sinclair/typebox": "^0.34.49",
        "croner": "^10.0.1",
        "nanoid": "^5.0.0"
      },
      "peerDependencies": {
        "@earendil-works/pi-ai": ">=0.74.0",
        "@earendil-works/pi-coding-agent": ">=0.74.0",
        "@earendil-works/pi-tui": ">=0.74.0"
      }
    },
    "node_modules/@vanillagreen/pi-web-tools": {
      "version": "1.3.0",
      "resolved": "https://registry.npmjs.org/@vanillagreen/pi-web-tools/-/pi-web-tools-1.3.0.tgz",
      "integrity": "sha512-IjM8sGnOLTLHrvofu5bcX2cgxA1yoXvgskm2E8Lfq+8H96c4oIPOU7NKjOEwzVBg/O6bbTZp7np+WJXnneS/Og==",
      "hasInstallScript": true,
      "license": "MIT",
      "engines": {
        "node": ">=22.19.0"
      },
      "peerDependencies": {
        "@earendil-works/pi-ai": "*",
        "@earendil-works/pi-coding-agent": "*",
        "@earendil-works/pi-tui": "*",
        "typebox": "*"
      },
      "peerDependenciesMeta": {
        "@earendil-works/pi-ai": {
          "optional": true
        },
        "@earendil-works/pi-coding-agent": {
          "optional": true
        },
        "@earendil-works/pi-tui": {
          "optional": true
        }
      }
    },
    "node_modules/croner": {
      "version": "10.0.1",
      "resolved": "https://registry.npmjs.org/croner/-/croner-10.0.1.tgz",
      "integrity": "sha512-ixNtAJndqh173VQ4KodSdJEI6nuioBWI0V1ITNKhZZsO0pEMoDxz539T4FTTbSZ/xIOSuDnzxLVRqBVSvPNE2g==",
      "funding": [
        {
          "type": "other",
          "url": "https://paypal.me/hexagonpp"
        },
        {
          "type": "github",
          "url": "https://github.com/sponsors/hexagon"
        }
      ],
      "license": "MIT",
      "engines": {
        "node": ">=18.0"
      }
    },
    "node_modules/nanoid": {
      "version": "5.1.11",
      "resolved": "https://registry.npmjs.org/nanoid/-/nanoid-5.1.11.tgz",
      "integrity": "sha512-v+KEsUv2ps74PaSKv0gHTxTCgMXOIfBEbaqa6w6ISIGC7ZsvHN4N9oJ8d4cmf0n5oTzQz2SLmThbQWhjd/8eKg==",
      "funding": [
        {
          "type": "github",
          "url": "https://github.com/sponsors/ai"
        }
      ],
      "license": "MIT",
      "bin": {
        "nanoid": "bin/nanoid.js"
      },
      "engines": {
        "node": "^18 || >=20"
      }
    }
  }
}
